{
  "nodes": {
    "darwin": {
      "inputs": {
        "nixpkgs": [
          "nixpkgs-darwin"
        ]
      },
      "locked": {
        "lastModified": 1742741935,
        "narHash": "sha256-ZCNvPYWkL9hxzgWn1gmYCZItqBU4ujsWjwWNpcwCjfQ=",
        "owner": "lnl7",
        "repo": "nix-darwin",
        "rev": "ebb88c3428dcdd95c06dca4d49b9791a65ab777b",
        "type": "github"
      },
      "original": {
        "owner": "lnl7",
        "repo": "nix-darwin",
        "type": "github"
      }
    },
    "home-manager": {
      "inputs": {
        "nixpkgs": [
          "nixpkgs-darwin"
        ]
      },
      "locked": {
        "lastModified": 1742655702,
        "narHash": "sha256-jbqlw4sPArFtNtA1s3kLg7/A4fzP4GLk9bGbtUJg0JQ=",
        "owner": "nix-community",
        "repo": "home-manager",
        "rev": "0948aeedc296f964140d9429223c7e4a0702a1ff",
        "type": "github"
      },
      "original": {
        "owner": "nix-community",
        "ref": "release-24.11",
        "repo": "home-manager",
        "type": "github"
      }
    },
    "nixpkgs": {
      "locked": {
        "lastModified": 0,
        "narHash": "sha256-yPzRuUXx99iu9QMF9GKxxqqC7kpKdFlQi7PA9N85wxQ=",
        "path": "/nix/store/v7xk0k2i7hpimrp6cgs1rh8iijdffb54-source",
        "type": "path"
      },
      "original": {
        "id": "nixpkgs",
        "type": "indirect"
      }
    },
    "nixpkgs-darwin": {
      "locked": {
        "lastModified": 1742707865,
        "narHash": "sha256-RVQQZy38O3Zb8yoRJhuFgWo/iDIDj0hEdRTVfhOtzRk=",
        "owner": "nixos",
        "repo": "nixpkgs",
        "rev": "dd613136ee91f67e5dba3f3f41ac99ae89c5406b",
        "type": "github"
      },
      "original": {
        "owner": "nixos",
        "ref": "nixpkgs-unstable",
        "repo": "nixpkgs",
        "type": "github"
      }
    },
    "root": {
      "inputs": {
        "darwin": "darwin",
        "home-manager": "home-manager",
        "nixpkgs": "nixpkgs",
        "nixpkgs-darwin": "nixpkgs-darwin"
      }
    }
  },
  "root": "root",
  "version": 7
}
