{
  "nodes": {
    "darwin": {
      "inputs": {
        "nixpkgs": [
          "nixpkgs-darwin"
        ]
      },
      "locked": {
        "lastModified": 1728901530,
        "narHash": "sha256-I9Qd0LnAsEGHtKE9+uVR0iDFmsijWSy7GT0g3jihG4Q=",
        "owner": "lnl7",
        "repo": "nix-darwin",
        "rev": "a60ac02f9466f85f092e576fd8364dfc4406b5a6",
        "type": "github"
      },
      "original": {
        "owner": "lnl7",
        "repo": "nix-darwin",
        "type": "github"
      }
    },
    "home-manager": {
      "inputs": {
        "nixpkgs": [
          "nixpkgs-darwin"
        ]
      },
      "locked": {
        "lastModified": 1735344290,
        "narHash": "sha256-oJDtWPH1oJT34RJK1FSWjwX4qcGOBRkcNQPD0EbSfNM=",
        "owner": "nix-community",
        "repo": "home-manager",
        "rev": "613691f285dad87694c2ba1c9e6298d04736292d",
        "type": "github"
      },
      "original": {
        "owner": "nix-community",
        "ref": "release-24.11",
        "repo": "home-manager",
        "type": "github"
      }
    },
    "nixpkgs": {
      "locked": {
        "lastModified": 0,
        "narHash": "sha256-ti4xoSuzgv3RK1Hnwfkad/L+HvY1yPawAJLEU8ZbG7M=",
        "path": "/nix/store/34yvdlnl2nz61xwhcr4bz1c1fnf31rj5-source",
        "type": "path"
      },
      "original": {
        "id": "nixpkgs",
        "type": "indirect"
      }
    },
    "nixpkgs-darwin": {
      "locked": {
        "lastModified": 1735954111,
        "narHash": "sha256-yPzRuUXx99iu9QMF9GKxxqqC7kpKdFlQi7PA9N85wxQ=",
        "owner": "nixos",
        "repo": "nixpkgs",
        "rev": "a4c40a8a970c147cea7e98e86b2ff2ffb184aedd",
        "type": "github"
      },
      "original": {
        "owner": "nixos",
        "ref": "nixpkgs-24.11-darwin",
        "repo": "nixpkgs",
        "type": "github"
      }
    },
    "root": {
      "inputs": {
        "darwin": "darwin",
        "home-manager": "home-manager",
        "nixpkgs": "nixpkgs",
        "nixpkgs-darwin": "nixpkgs-darwin"
      }
    }
  },
  "root": "root",
  "version": 7
}
